
Microsoft Visual Studio Solution File, Format Version 12.00
# Visual Studio 14
VisualStudioVersion = 14.0.25420.1
MinimumVisualStudioVersion = 10.0.40219.1
Project("{FAE04EC0-301F-11D3-BF4B-00C04F79EFBC}") = "CodeCamper.Web", "CodeCamper.Web\CodeCamper.Web.csproj", "{6528F4E5-6DCC-4EC1-8B57-5A0F66CC4A04}"
EndProject
Project("{FAE04EC0-301F-11D3-BF4B-00C04F79EFBC}") = "CodeCamper.Data", "CodeCamper.Data\CodeCamper.Data.csproj", "{3266EFAD-E210-4F12-9906-4B0E18E9DDDE}"
EndProject
Project("{FAE04EC0-301F-11D3-BF4B-00C04F79EFBC}") = "CodeCamper.Model", "CodeCamper.Model\CodeCamper.Model.csproj", "{11A4364E-BB43-4E8D-B32F-9566E08BDB35}"
EndProject
Project("{FAE04EC0-301F-11D3-BF4B-00C04F79EFBC}") = "CodeCamper.Data.Contracts", "CodeCamper.Data.Contracts\CodeCamper.Data.Contracts.csproj", "{C98A341E-80C7-4AB7-AEA4-0435B080A229}"
EndProject
Global
	GlobalSection(SolutionConfigurationPlatforms) = preSolution
		Debug|Any CPU = Debug|Any CPU
		Release|Any CPU = Release|Any CPU
	EndGlobalSection
	GlobalSection(ProjectConfigurationPlatforms) = postSolution
		{6528F4E5-6DCC-4EC1-8B57-5A0F66CC4A04}.Debug|Any CPU.ActiveCfg = Debug|Any CPU
		{6528F4E5-6DCC-4EC1-8B57-5A0F66CC4A04}.Debug|Any CPU.Build.0 = Debug|Any CPU
		{6528F4E5-6DCC-4EC1-8B57-5A0F66CC4A04}.Release|Any CPU.ActiveCfg = Release|Any CPU
		{6528F4E5-6DCC-4EC1-8B57-5A0F66CC4A04}.Release|Any CPU.Build.0 = Release|Any CPU
		{3266EFAD-E210-4F12-9906-4B0E18E9DDDE}.Debug|Any CPU.ActiveCfg = Debug|Any CPU
		{3266EFAD-E210-4F12-9906-4B0E18E9DDDE}.Debug|Any CPU.Build.0 = Debug|Any CPU
		{3266EFAD-E210-4F12-9906-4B0E18E9DDDE}.Release|Any CPU.ActiveCfg = Release|Any CPU
		{3266EFAD-E210-4F12-9906-4B0E18E9DDDE}.Release|Any CPU.Build.0 = Release|Any CPU
		{11A4364E-BB43-4E8D-B32F-9566E08BDB35}.Debug|Any CPU.ActiveCfg = Debug|Any CPU
		{11A4364E-BB43-4E8D-B32F-9566E08BDB35}.Debug|Any CPU.Build.0 = Debug|Any CPU
		{11A4364E-BB43-4E8D-B32F-9566E08BDB35}.Release|Any CPU.ActiveCfg = Release|Any CPU
		{11A4364E-BB43-4E8D-B32F-9566E08BDB35}.Release|Any CPU.Build.0 = Release|Any CPU
		{C98A341E-80C7-4AB7-AEA4-0435B080A229}.Debug|Any CPU.ActiveCfg = Debug|Any CPU
		{C98A341E-80C7-4AB7-AEA4-0435B080A229}.Debug|Any CPU.Build.0 = Debug|Any CPU
		{C98A341E-80C7-4AB7-AEA4-0435B080A229}.Release|Any CPU.ActiveCfg = Release|Any CPU
		{C98A341E-80C7-4AB7-AEA4-0435B080A229}.Release|Any CPU.Build.0 = Release|Any CPU
	EndGlobalSection
	GlobalSection(SolutionProperties) = preSolution
		HideSolutionNode = FALSE
	EndGlobalSection
EndGlobal
